
Microsoft Visual Studio Solution File, Format Version 12.00
# Visual Studio 2017
Project("{FAE04EC0-301F-11D3-BF4B-00C04F79EFBC}") = "NiceBowling.Plugins", "NiceBowling.Plugins.csproj", "{245FA2B6-0D81-1D6F-CECD-3B5A28A68A0A}"
EndProject
Project("{FAE04EC0-301F-11D3-BF4B-00C04F79EFBC}") = "NiceBowling", "NiceBowling.csproj", "{13DEBE33-F9EC-9AF8-5E2F-4862F0B6469B}"
EndProject
Project("{FAE04EC0-301F-11D3-BF4B-00C04F79EFBC}") = "NiceBowling.Editor.Plugins", "NiceBowling.Editor.Plugins.csproj", "{27F75204-0A03-279D-BBC5-664E72297893}"
EndProject
Project("{FAE04EC0-301F-11D3-BF4B-00C04F79EFBC}") = "NiceBowling.Editor", "NiceBowling.Editor.csproj", "{8424FFC5-779C-A94A-BAA4-5A506B253D20}"
EndProject
Global
	GlobalSection(SolutionConfigurationPlatforms) = preSolution
		Debug|Any CPU = Debug|Any CPU
		Release|Any CPU = Release|Any CPU
	EndGlobalSection
	GlobalSection(ProjectConfigurationPlatforms) = postSolution
		{245FA2B6-0D81-1D6F-CECD-3B5A28A68A0A}.Debug|Any CPU.ActiveCfg = Debug|Any CPU
		{245FA2B6-0D81-1D6F-CECD-3B5A28A68A0A}.Debug|Any CPU.Build.0 = Debug|Any CPU
		{245FA2B6-0D81-1D6F-CECD-3B5A28A68A0A}.Release|Any CPU.ActiveCfg = Release|Any CPU
		{245FA2B6-0D81-1D6F-CECD-3B5A28A68A0A}.Release|Any CPU.Build.0 = Release|Any CPU
		{13DEBE33-F9EC-9AF8-5E2F-4862F0B6469B}.Debug|Any CPU.ActiveCfg = Debug|Any CPU
		{13DEBE33-F9EC-9AF8-5E2F-4862F0B6469B}.Debug|Any CPU.Build.0 = Debug|Any CPU
		{13DEBE33-F9EC-9AF8-5E2F-4862F0B6469B}.Release|Any CPU.ActiveCfg = Release|Any CPU
		{13DEBE33-F9EC-9AF8-5E2F-4862F0B6469B}.Release|Any CPU.Build.0 = Release|Any CPU
		{27F75204-0A03-279D-BBC5-664E72297893}.Debug|Any CPU.ActiveCfg = Debug|Any CPU
		{27F75204-0A03-279D-BBC5-664E72297893}.Debug|Any CPU.Build.0 = Debug|Any CPU
		{27F75204-0A03-279D-BBC5-664E72297893}.Release|Any CPU.ActiveCfg = Release|Any CPU
		{27F75204-0A03-279D-BBC5-664E72297893}.Release|Any CPU.Build.0 = Release|Any CPU
		{8424FFC5-779C-A94A-BAA4-5A506B253D20}.Debug|Any CPU.ActiveCfg = Debug|Any CPU
		{8424FFC5-779C-A94A-BAA4-5A506B253D20}.Debug|Any CPU.Build.0 = Debug|Any CPU
		{8424FFC5-779C-A94A-BAA4-5A506B253D20}.Release|Any CPU.ActiveCfg = Release|Any CPU
		{8424FFC5-779C-A94A-BAA4-5A506B253D20}.Release|Any CPU.Build.0 = Release|Any CPU
	EndGlobalSection
	GlobalSection(SolutionProperties) = preSolution
		HideSolutionNode = FALSE
	EndGlobalSection
EndGlobal
